{
  "name": "cyber",
  "version": "1.0.0",
  "lockfileVersion": 2,
  "requires": true,
  "packages": {
    "": {
      "name": "cyber",
      "version": "1.0.0",
      "license": "ISC",
      "dependencies": {
        "gridstack": "^9.5.0"
      }
    },
    "node_modules/gridstack": {
      "version": "9.5.0",
      "resolved": "https://registry.npmjs.org/gridstack/-/gridstack-9.5.0.tgz",
      "integrity": "sha512-mGYID0mdmtPzv/Qt9lgc3TfQjFgPcxEkGZ/Z6ESCCAplli5UUJLbOsEtaM5uGUGExOC8zo7FoHNL01Xze5AF9g==",
      "funding": [
        {
          "type": "paypal",
          "url": "https://www.paypal.me/alaind831"
        },
        {
          "type": "venmo",
          "url": "https://www.venmo.com/adumesny"
        }
      ]
    }
  },
  "dependencies": {
    "gridstack": {
      "version": "9.5.0",
      "resolved": "https://registry.npmjs.org/gridstack/-/gridstack-9.5.0.tgz",
      "integrity": "sha512-mGYID0mdmtPzv/Qt9lgc3TfQjFgPcxEkGZ/Z6ESCCAplli5UUJLbOsEtaM5uGUGExOC8zo7FoHNL01Xze5AF9g=="
    }
  }
}
